
Microsoft Visual Studio Solution File, Format Version 11.00
# Visual Studio 2010
Project("{FAE04EC0-301F-11D3-BF4B-00C04F79EFBC}") = "Iamopen", "Iamopen\Iamopen.csproj", "{BB059895-2474-4B16-A633-8EF108B829FC}"
EndProject
Project("{FAE04EC0-301F-11D3-BF4B-00C04F79EFBC}") = "Iamopen.Tests", "Iamopen.Tests\Iamopen.Tests.csproj", "{7B2C153A-75E2-468D-95A4-FFC830FD8071}"
EndProject
Project("{FAE04EC0-301F-11D3-BF4B-00C04F79EFBC}") = "IAmOpen.Model", "Iamopen.Model\IAmOpen.Model.csproj", "{780B5144-BE79-4758-8599-02270E272482}"
EndProject
Global
	GlobalSection(SolutionConfigurationPlatforms) = preSolution
		Debug|Any CPU = Debug|Any CPU
		Release|Any CPU = Release|Any CPU
	EndGlobalSection
	GlobalSection(ProjectConfigurationPlatforms) = postSolution
		{BB059895-2474-4B16-A633-8EF108B829FC}.Debug|Any CPU.ActiveCfg = Debug|Any CPU
		{BB059895-2474-4B16-A633-8EF108B829FC}.Debug|Any CPU.Build.0 = Debug|Any CPU
		{BB059895-2474-4B16-A633-8EF108B829FC}.Release|Any CPU.ActiveCfg = Release|Any CPU
		{BB059895-2474-4B16-A633-8EF108B829FC}.Release|Any CPU.Build.0 = Release|Any CPU
		{7B2C153A-75E2-468D-95A4-FFC830FD8071}.Debug|Any CPU.ActiveCfg = Debug|Any CPU
		{7B2C153A-75E2-468D-95A4-FFC830FD8071}.Debug|Any CPU.Build.0 = Debug|Any CPU
		{7B2C153A-75E2-468D-95A4-FFC830FD8071}.Release|Any CPU.ActiveCfg = Release|Any CPU
		{7B2C153A-75E2-468D-95A4-FFC830FD8071}.Release|Any CPU.Build.0 = Release|Any CPU
		{780B5144-BE79-4758-8599-02270E272482}.Debug|Any CPU.ActiveCfg = Debug|Any CPU
		{780B5144-BE79-4758-8599-02270E272482}.Debug|Any CPU.Build.0 = Debug|Any CPU
		{780B5144-BE79-4758-8599-02270E272482}.Release|Any CPU.ActiveCfg = Release|Any CPU
		{780B5144-BE79-4758-8599-02270E272482}.Release|Any CPU.Build.0 = Release|Any CPU
	EndGlobalSection
	GlobalSection(SolutionProperties) = preSolution
		HideSolutionNode = FALSE
	EndGlobalSection
EndGlobal
