
Microsoft Visual Studio Solution File, Format Version 11.00
# Visual Studio 2010
Project("{FAE04EC0-301F-11D3-BF4B-00C04F79EFBC}") = "Iamopen.Site", "Iamopen.Site\Iamopen.Site.csproj", "{BB059895-2474-4B16-A633-8EF108B829FC}"
EndProject
Project("{FAE04EC0-301F-11D3-BF4B-00C04F79EFBC}") = "Iamopen.Site.Tests", "Iamopen.Site.Tests\Iamopen.Site.Tests.csproj", "{7B2C153A-75E2-468D-95A4-FFC830FD8071}"
EndProject
Project("{FAE04EC0-301F-11D3-BF4B-00C04F79EFBC}") = "Iamopen.Site.Model", "Iamopen.Site.Model\Iamopen.Site.Model.csproj", "{780B5144-BE79-4758-8599-02270E272482}"
EndProject
Project("{FAE04EC0-301F-11D3-BF4B-00C04F79EFBC}") = "Iamopen.OnlineReservations", "Iamopen.OnlineReservations\Iamopen.OnlineReservations.csproj", "{89ECD9CF-4387-43F5-A413-4B9517E7575C}"
EndProject
Project("{FAE04EC0-301F-11D3-BF4B-00C04F79EFBC}") = "Iamopen.AvailabilitySyncService", "Iamopen.AvailabilitySyncService\Iamopen.AvailabilitySyncService.csproj", "{D18E633C-DAE3-470C-98E2-3C1EBD134016}"
EndProject
Project("{FAE04EC0-301F-11D3-BF4B-00C04F79EFBC}") = "Iamopen.Common", "Iamopen.Common\Iamopen.Common.csproj", "{EDEAB994-B358-452F-BFFD-59713D81F340}"
EndProject
Global
	GlobalSection(SolutionConfigurationPlatforms) = preSolution
		Debug|Any CPU = Debug|Any CPU
		Release|Any CPU = Release|Any CPU
	EndGlobalSection
	GlobalSection(ProjectConfigurationPlatforms) = postSolution
		{BB059895-2474-4B16-A633-8EF108B829FC}.Debug|Any CPU.ActiveCfg = Debug|Any CPU
		{BB059895-2474-4B16-A633-8EF108B829FC}.Debug|Any CPU.Build.0 = Debug|Any CPU
		{BB059895-2474-4B16-A633-8EF108B829FC}.Release|Any CPU.ActiveCfg = Release|Any CPU
		{BB059895-2474-4B16-A633-8EF108B829FC}.Release|Any CPU.Build.0 = Release|Any CPU
		{7B2C153A-75E2-468D-95A4-FFC830FD8071}.Debug|Any CPU.ActiveCfg = Debug|Any CPU
		{7B2C153A-75E2-468D-95A4-FFC830FD8071}.Debug|Any CPU.Build.0 = Debug|Any CPU
		{7B2C153A-75E2-468D-95A4-FFC830FD8071}.Release|Any CPU.ActiveCfg = Release|Any CPU
		{7B2C153A-75E2-468D-95A4-FFC830FD8071}.Release|Any CPU.Build.0 = Release|Any CPU
		{780B5144-BE79-4758-8599-02270E272482}.Debug|Any CPU.ActiveCfg = Debug|Any CPU
		{780B5144-BE79-4758-8599-02270E272482}.Debug|Any CPU.Build.0 = Debug|Any CPU
		{780B5144-BE79-4758-8599-02270E272482}.Release|Any CPU.ActiveCfg = Release|Any CPU
		{780B5144-BE79-4758-8599-02270E272482}.Release|Any CPU.Build.0 = Release|Any CPU
		{89ECD9CF-4387-43F5-A413-4B9517E7575C}.Debug|Any CPU.ActiveCfg = Debug|Any CPU
		{89ECD9CF-4387-43F5-A413-4B9517E7575C}.Debug|Any CPU.Build.0 = Debug|Any CPU
		{89ECD9CF-4387-43F5-A413-4B9517E7575C}.Release|Any CPU.ActiveCfg = Release|Any CPU
		{89ECD9CF-4387-43F5-A413-4B9517E7575C}.Release|Any CPU.Build.0 = Release|Any CPU
		{D18E633C-DAE3-470C-98E2-3C1EBD134016}.Debug|Any CPU.ActiveCfg = Debug|Any CPU
		{D18E633C-DAE3-470C-98E2-3C1EBD134016}.Debug|Any CPU.Build.0 = Debug|Any CPU
		{D18E633C-DAE3-470C-98E2-3C1EBD134016}.Release|Any CPU.ActiveCfg = Release|Any CPU
		{D18E633C-DAE3-470C-98E2-3C1EBD134016}.Release|Any CPU.Build.0 = Release|Any CPU
		{EDEAB994-B358-452F-BFFD-59713D81F340}.Debug|Any CPU.ActiveCfg = Debug|Any CPU
		{EDEAB994-B358-452F-BFFD-59713D81F340}.Debug|Any CPU.Build.0 = Debug|Any CPU
		{EDEAB994-B358-452F-BFFD-59713D81F340}.Release|Any CPU.ActiveCfg = Release|Any CPU
		{EDEAB994-B358-452F-BFFD-59713D81F340}.Release|Any CPU.Build.0 = Release|Any CPU
	EndGlobalSection
	GlobalSection(SolutionProperties) = preSolution
		HideSolutionNode = FALSE
	EndGlobalSection
EndGlobal
