
Microsoft Visual Studio Solution File, Format Version 11.00
# Visual Studio 2010
Project("{FAE04EC0-301F-11D3-BF4B-00C04F79EFBC}") = "Iamopen.Site", "Iamopen.Site\Iamopen.Site\Iamopen.Site.csproj", "{BB059895-2474-4B16-A633-8EF108B829FC}"
EndProject
Project("{FAE04EC0-301F-11D3-BF4B-00C04F79EFBC}") = "Iamopen.Site.Tests", "Iamopen.Site\Iamopen.Site.Tests\Iamopen.Site.Tests.csproj", "{7B2C153A-75E2-468D-95A4-FFC830FD8071}"
EndProject
Project("{FAE04EC0-301F-11D3-BF4B-00C04F79EFBC}") = "Iamopen.Site.Model", "Iamopen.Site\Iamopen.Site.Model\Iamopen.Site.Model.csproj", "{780B5144-BE79-4758-8599-02270E272482}"
EndProject
Project("{FAE04EC0-301F-11D3-BF4B-00C04F79EFBC}") = "Iamopen.Availability.OnlineAvailability", "Iamopen.Availability\Iamopen.Availability.OnlineAvailability\Iamopen.Availability.OnlineAvailability.csproj", "{89ECD9CF-4387-43F5-A413-4B9517E7575C}"
EndProject
Project("{FAE04EC0-301F-11D3-BF4B-00C04F79EFBC}") = "Iamopen.Availability.AMS", "Iamopen.Availability\Iamopen.Availability.AMS\Iamopen.Availability.AMS.csproj", "{D18E633C-DAE3-470C-98E2-3C1EBD134016}"
EndProject
Project("{FAE04EC0-301F-11D3-BF4B-00C04F79EFBC}") = "Iamopen.Common", "Iamopen.Common\Iamopen.Common\Iamopen.Common.csproj", "{EDEAB994-B358-452F-BFFD-59713D81F340}"
EndProject
Project("{2150E333-8FDC-42A3-9474-1A3956D46DE8}") = "Iamopen.Availability", "Iamopen.Availability", "{A2C15417-CC1F-4C6A-8E87-663402F0198F}"
EndProject
Project("{2150E333-8FDC-42A3-9474-1A3956D46DE8}") = "Iamopen.Site", "Iamopen.Site", "{7BA85894-595F-4C80-91EC-0834BD27CB10}"
EndProject
Project("{2150E333-8FDC-42A3-9474-1A3956D46DE8}") = "Iamopen.Common", "Iamopen.Common", "{0AC1FD07-049B-4088-AFDD-DC251D435867}"
EndProject
Project("{FAE04EC0-301F-11D3-BF4B-00C04F79EFBC}") = "Iamopen.Availability.Common", "Iamopen.Availability\Iamopen.Availability.Common\Iamopen.Availability.Common.csproj", "{E41413AB-266D-473A-93F5-E37A1AA0D4D5}"
EndProject
Project("{FAE04EC0-301F-11D3-BF4B-00C04F79EFBC}") = "Iamopen.Availability.AMS.Proxy", "Iamopen.Availability\Iamopen.Availability.AMS.Proxy\Iamopen.Availability.AMS.Proxy.csproj", "{CCB0A89E-1CCE-4ECE-B66A-D311290DF8D5}"
	ProjectSection(ProjectDependencies) = postProject
		{D18E633C-DAE3-470C-98E2-3C1EBD134016} = {D18E633C-DAE3-470C-98E2-3C1EBD134016}
	EndProjectSection
EndProject
Project("{FAE04EC0-301F-11D3-BF4B-00C04F79EFBC}") = "Iamopen.Availability.AMS.TestClient", "Iamopen.Availability\Iamopen.Availability.AMS.TestClient\Iamopen.Availability.AMS.TestClient.csproj", "{7B8E4DBF-9201-4C5C-B59B-9AC62C44E21A}"
EndProject
Global
	GlobalSection(SolutionConfigurationPlatforms) = preSolution
		Debug|Any CPU = Debug|Any CPU
		Debug|Mixed Platforms = Debug|Mixed Platforms
		Debug|x86 = Debug|x86
		Release|Any CPU = Release|Any CPU
		Release|Mixed Platforms = Release|Mixed Platforms
		Release|x86 = Release|x86
	EndGlobalSection
	GlobalSection(ProjectConfigurationPlatforms) = postSolution
		{BB059895-2474-4B16-A633-8EF108B829FC}.Debug|Any CPU.ActiveCfg = Debug|Any CPU
		{BB059895-2474-4B16-A633-8EF108B829FC}.Debug|Any CPU.Build.0 = Debug|Any CPU
		{BB059895-2474-4B16-A633-8EF108B829FC}.Debug|Mixed Platforms.ActiveCfg = Debug|Any CPU
		{BB059895-2474-4B16-A633-8EF108B829FC}.Debug|Mixed Platforms.Build.0 = Debug|Any CPU
		{BB059895-2474-4B16-A633-8EF108B829FC}.Debug|x86.ActiveCfg = Debug|Any CPU
		{BB059895-2474-4B16-A633-8EF108B829FC}.Release|Any CPU.ActiveCfg = Release|Any CPU
		{BB059895-2474-4B16-A633-8EF108B829FC}.Release|Any CPU.Build.0 = Release|Any CPU
		{BB059895-2474-4B16-A633-8EF108B829FC}.Release|Mixed Platforms.ActiveCfg = Release|Any CPU
		{BB059895-2474-4B16-A633-8EF108B829FC}.Release|Mixed Platforms.Build.0 = Release|Any CPU
		{BB059895-2474-4B16-A633-8EF108B829FC}.Release|x86.ActiveCfg = Release|Any CPU
		{7B2C153A-75E2-468D-95A4-FFC830FD8071}.Debug|Any CPU.ActiveCfg = Debug|Any CPU
		{7B2C153A-75E2-468D-95A4-FFC830FD8071}.Debug|Any CPU.Build.0 = Debug|Any CPU
		{7B2C153A-75E2-468D-95A4-FFC830FD8071}.Debug|Mixed Platforms.ActiveCfg = Debug|Any CPU
		{7B2C153A-75E2-468D-95A4-FFC830FD8071}.Debug|Mixed Platforms.Build.0 = Debug|Any CPU
		{7B2C153A-75E2-468D-95A4-FFC830FD8071}.Debug|x86.ActiveCfg = Debug|Any CPU
		{7B2C153A-75E2-468D-95A4-FFC830FD8071}.Release|Any CPU.ActiveCfg = Release|Any CPU
		{7B2C153A-75E2-468D-95A4-FFC830FD8071}.Release|Any CPU.Build.0 = Release|Any CPU
		{7B2C153A-75E2-468D-95A4-FFC830FD8071}.Release|Mixed Platforms.ActiveCfg = Release|Any CPU
		{7B2C153A-75E2-468D-95A4-FFC830FD8071}.Release|Mixed Platforms.Build.0 = Release|Any CPU
		{7B2C153A-75E2-468D-95A4-FFC830FD8071}.Release|x86.ActiveCfg = Release|Any CPU
		{780B5144-BE79-4758-8599-02270E272482}.Debug|Any CPU.ActiveCfg = Debug|Any CPU
		{780B5144-BE79-4758-8599-02270E272482}.Debug|Any CPU.Build.0 = Debug|Any CPU
		{780B5144-BE79-4758-8599-02270E272482}.Debug|Mixed Platforms.ActiveCfg = Debug|Any CPU
		{780B5144-BE79-4758-8599-02270E272482}.Debug|Mixed Platforms.Build.0 = Debug|Any CPU
		{780B5144-BE79-4758-8599-02270E272482}.Debug|x86.ActiveCfg = Debug|Any CPU
		{780B5144-BE79-4758-8599-02270E272482}.Release|Any CPU.ActiveCfg = Release|Any CPU
		{780B5144-BE79-4758-8599-02270E272482}.Release|Any CPU.Build.0 = Release|Any CPU
		{780B5144-BE79-4758-8599-02270E272482}.Release|Mixed Platforms.ActiveCfg = Release|Any CPU
		{780B5144-BE79-4758-8599-02270E272482}.Release|Mixed Platforms.Build.0 = Release|Any CPU
		{780B5144-BE79-4758-8599-02270E272482}.Release|x86.ActiveCfg = Release|Any CPU
		{89ECD9CF-4387-43F5-A413-4B9517E7575C}.Debug|Any CPU.ActiveCfg = Debug|Any CPU
		{89ECD9CF-4387-43F5-A413-4B9517E7575C}.Debug|Any CPU.Build.0 = Debug|Any CPU
		{89ECD9CF-4387-43F5-A413-4B9517E7575C}.Debug|Mixed Platforms.ActiveCfg = Debug|Any CPU
		{89ECD9CF-4387-43F5-A413-4B9517E7575C}.Debug|Mixed Platforms.Build.0 = Debug|Any CPU
		{89ECD9CF-4387-43F5-A413-4B9517E7575C}.Debug|x86.ActiveCfg = Debug|Any CPU
		{89ECD9CF-4387-43F5-A413-4B9517E7575C}.Release|Any CPU.ActiveCfg = Release|Any CPU
		{89ECD9CF-4387-43F5-A413-4B9517E7575C}.Release|Any CPU.Build.0 = Release|Any CPU
		{89ECD9CF-4387-43F5-A413-4B9517E7575C}.Release|Mixed Platforms.ActiveCfg = Release|Any CPU
		{89ECD9CF-4387-43F5-A413-4B9517E7575C}.Release|Mixed Platforms.Build.0 = Release|Any CPU
		{89ECD9CF-4387-43F5-A413-4B9517E7575C}.Release|x86.ActiveCfg = Release|Any CPU
		{D18E633C-DAE3-470C-98E2-3C1EBD134016}.Debug|Any CPU.ActiveCfg = Debug|Any CPU
		{D18E633C-DAE3-470C-98E2-3C1EBD134016}.Debug|Mixed Platforms.ActiveCfg = Debug|Any CPU
		{D18E633C-DAE3-470C-98E2-3C1EBD134016}.Debug|Mixed Platforms.Build.0 = Debug|Any CPU
		{D18E633C-DAE3-470C-98E2-3C1EBD134016}.Debug|x86.ActiveCfg = Debug|Any CPU
		{D18E633C-DAE3-470C-98E2-3C1EBD134016}.Release|Any CPU.ActiveCfg = Release|Any CPU
		{D18E633C-DAE3-470C-98E2-3C1EBD134016}.Release|Any CPU.Build.0 = Release|Any CPU
		{D18E633C-DAE3-470C-98E2-3C1EBD134016}.Release|Mixed Platforms.ActiveCfg = Release|Any CPU
		{D18E633C-DAE3-470C-98E2-3C1EBD134016}.Release|Mixed Platforms.Build.0 = Release|Any CPU
		{D18E633C-DAE3-470C-98E2-3C1EBD134016}.Release|x86.ActiveCfg = Release|Any CPU
		{EDEAB994-B358-452F-BFFD-59713D81F340}.Debug|Any CPU.ActiveCfg = Debug|Any CPU
		{EDEAB994-B358-452F-BFFD-59713D81F340}.Debug|Any CPU.Build.0 = Debug|Any CPU
		{EDEAB994-B358-452F-BFFD-59713D81F340}.Debug|Mixed Platforms.ActiveCfg = Debug|Any CPU
		{EDEAB994-B358-452F-BFFD-59713D81F340}.Debug|Mixed Platforms.Build.0 = Debug|Any CPU
		{EDEAB994-B358-452F-BFFD-59713D81F340}.Debug|x86.ActiveCfg = Debug|Any CPU
		{EDEAB994-B358-452F-BFFD-59713D81F340}.Release|Any CPU.ActiveCfg = Release|Any CPU
		{EDEAB994-B358-452F-BFFD-59713D81F340}.Release|Any CPU.Build.0 = Release|Any CPU
		{EDEAB994-B358-452F-BFFD-59713D81F340}.Release|Mixed Platforms.ActiveCfg = Release|Any CPU
		{EDEAB994-B358-452F-BFFD-59713D81F340}.Release|Mixed Platforms.Build.0 = Release|Any CPU
		{EDEAB994-B358-452F-BFFD-59713D81F340}.Release|x86.ActiveCfg = Release|Any CPU
		{E41413AB-266D-473A-93F5-E37A1AA0D4D5}.Debug|Any CPU.ActiveCfg = Debug|Any CPU
		{E41413AB-266D-473A-93F5-E37A1AA0D4D5}.Debug|Any CPU.Build.0 = Debug|Any CPU
		{E41413AB-266D-473A-93F5-E37A1AA0D4D5}.Debug|Mixed Platforms.ActiveCfg = Debug|Any CPU
		{E41413AB-266D-473A-93F5-E37A1AA0D4D5}.Debug|Mixed Platforms.Build.0 = Debug|Any CPU
		{E41413AB-266D-473A-93F5-E37A1AA0D4D5}.Debug|x86.ActiveCfg = Debug|Any CPU
		{E41413AB-266D-473A-93F5-E37A1AA0D4D5}.Release|Any CPU.ActiveCfg = Release|Any CPU
		{E41413AB-266D-473A-93F5-E37A1AA0D4D5}.Release|Any CPU.Build.0 = Release|Any CPU
		{E41413AB-266D-473A-93F5-E37A1AA0D4D5}.Release|Mixed Platforms.ActiveCfg = Release|Any CPU
		{E41413AB-266D-473A-93F5-E37A1AA0D4D5}.Release|Mixed Platforms.Build.0 = Release|Any CPU
		{E41413AB-266D-473A-93F5-E37A1AA0D4D5}.Release|x86.ActiveCfg = Release|Any CPU
		{CCB0A89E-1CCE-4ECE-B66A-D311290DF8D5}.Debug|Any CPU.ActiveCfg = Debug|Any CPU
		{CCB0A89E-1CCE-4ECE-B66A-D311290DF8D5}.Debug|Any CPU.Build.0 = Debug|Any CPU
		{CCB0A89E-1CCE-4ECE-B66A-D311290DF8D5}.Debug|Mixed Platforms.ActiveCfg = Debug|Any CPU
		{CCB0A89E-1CCE-4ECE-B66A-D311290DF8D5}.Debug|Mixed Platforms.Build.0 = Debug|Any CPU
		{CCB0A89E-1CCE-4ECE-B66A-D311290DF8D5}.Debug|x86.ActiveCfg = Debug|Any CPU
		{CCB0A89E-1CCE-4ECE-B66A-D311290DF8D5}.Release|Any CPU.ActiveCfg = Release|Any CPU
		{CCB0A89E-1CCE-4ECE-B66A-D311290DF8D5}.Release|Any CPU.Build.0 = Release|Any CPU
		{CCB0A89E-1CCE-4ECE-B66A-D311290DF8D5}.Release|Mixed Platforms.ActiveCfg = Release|Any CPU
		{CCB0A89E-1CCE-4ECE-B66A-D311290DF8D5}.Release|Mixed Platforms.Build.0 = Release|Any CPU
		{CCB0A89E-1CCE-4ECE-B66A-D311290DF8D5}.Release|x86.ActiveCfg = Release|Any CPU
		{7B8E4DBF-9201-4C5C-B59B-9AC62C44E21A}.Debug|Any CPU.ActiveCfg = Debug|x86
		{7B8E4DBF-9201-4C5C-B59B-9AC62C44E21A}.Debug|Any CPU.Build.0 = Debug|x86
		{7B8E4DBF-9201-4C5C-B59B-9AC62C44E21A}.Debug|Mixed Platforms.ActiveCfg = Debug|x86
		{7B8E4DBF-9201-4C5C-B59B-9AC62C44E21A}.Debug|Mixed Platforms.Build.0 = Debug|x86
		{7B8E4DBF-9201-4C5C-B59B-9AC62C44E21A}.Debug|x86.ActiveCfg = Debug|x86
		{7B8E4DBF-9201-4C5C-B59B-9AC62C44E21A}.Debug|x86.Build.0 = Debug|x86
		{7B8E4DBF-9201-4C5C-B59B-9AC62C44E21A}.Release|Any CPU.ActiveCfg = Release|x86
		{7B8E4DBF-9201-4C5C-B59B-9AC62C44E21A}.Release|Mixed Platforms.ActiveCfg = Release|x86
		{7B8E4DBF-9201-4C5C-B59B-9AC62C44E21A}.Release|Mixed Platforms.Build.0 = Release|x86
		{7B8E4DBF-9201-4C5C-B59B-9AC62C44E21A}.Release|x86.ActiveCfg = Release|x86
		{7B8E4DBF-9201-4C5C-B59B-9AC62C44E21A}.Release|x86.Build.0 = Release|x86
	EndGlobalSection
	GlobalSection(SolutionProperties) = preSolution
		HideSolutionNode = FALSE
	EndGlobalSection
	GlobalSection(NestedProjects) = preSolution
		{7B2C153A-75E2-468D-95A4-FFC830FD8071} = {7BA85894-595F-4C80-91EC-0834BD27CB10}
		{780B5144-BE79-4758-8599-02270E272482} = {7BA85894-595F-4C80-91EC-0834BD27CB10}
		{BB059895-2474-4B16-A633-8EF108B829FC} = {7BA85894-595F-4C80-91EC-0834BD27CB10}
		{D18E633C-DAE3-470C-98E2-3C1EBD134016} = {A2C15417-CC1F-4C6A-8E87-663402F0198F}
		{89ECD9CF-4387-43F5-A413-4B9517E7575C} = {A2C15417-CC1F-4C6A-8E87-663402F0198F}
		{E41413AB-266D-473A-93F5-E37A1AA0D4D5} = {A2C15417-CC1F-4C6A-8E87-663402F0198F}
		{CCB0A89E-1CCE-4ECE-B66A-D311290DF8D5} = {A2C15417-CC1F-4C6A-8E87-663402F0198F}
		{7B8E4DBF-9201-4C5C-B59B-9AC62C44E21A} = {A2C15417-CC1F-4C6A-8E87-663402F0198F}
		{EDEAB994-B358-452F-BFFD-59713D81F340} = {0AC1FD07-049B-4088-AFDD-DC251D435867}
	EndGlobalSection
EndGlobal
